// !$*UTF8*$!
{
	archiveVersion = 1;
	classes = {
	};
	objectVersion = 48;
	objects = {

/* Begin PBXBuildFile section */
		6393EF762063A675002FA033 /* AppDelegate.swift in Sources */ = {isa = PBXBuildFile; fileRef = 6393EF752063A675002FA033 /* AppDelegate.swift */; };
		6393EF782063A675002FA033 /* ViewController.swift in Sources */ = {isa = PBXBuildFile; fileRef = 6393EF772063A675002FA033 /* ViewController.swift */; };
		6393EF7B2063A675002FA033 /* Main.storyboard in Resources */ = {isa = PBXBuildFile; fileRef = 6393EF792063A675002FA033 /* Main.storyboard */; };
		6393EF7D2063A675002FA033 /* Assets.xcassets in Resources */ = {isa = PBXBuildFile; fileRef = 6393EF7C2063A675002FA033 /* Assets.xcassets */; };
		6393EF802063A675002FA033 /* LaunchScreen.storyboard in Resources */ = {isa = PBXBuildFile; fileRef = 6393EF7E2063A675002FA033 /* LaunchScreen.storyboard */; };
		6393EF892063A683002FA033 /* Commons.swift in Sources */ = {isa = PBXBuildFile; fileRef = 6393EF872063A682002FA033 /* Commons.swift */; };
		6393EF8A2063A683002FA033 /* RequestProtocol.swift in Sources */ = {isa = PBXBuildFile; fileRef = 6393EF882063A683002FA033 /* RequestProtocol.swift */; };
/* End PBXBuildFile section */

/* Begin PBXFileReference section */
		6393EF722063A675002FA033 /* NetworkingLayers(Rx, NSUrl).app */ = {isa = PBXFileReference; explicitFileType = wrapper.application; includeInIndex = 0; path = "NetworkingLayers(Rx, NSUrl).app"; sourceTree = BUILT_PRODUCTS_DIR; };
		6393EF752063A675002FA033 /* AppDelegate.swift */ = {isa = PBXFileReference; lastKnownFileType = sourcecode.swift; path = AppDelegate.swift; sourceTree = "<group>"; };
		6393EF772063A675002FA033 /* ViewController.swift */ = {isa = PBXFileReference; lastKnownFileType = sourcecode.swift; path = ViewController.swift; sourceTree = "<group>"; };
		6393EF7A2063A675002FA033 /* Base */ = {isa = PBXFileReference; lastKnownFileType = file.storyboard; name = Base; path = Base.lproj/Main.storyboard; sourceTree = "<group>"; };
		6393EF7C2063A675002FA033 /* Assets.xcassets */ = {isa = PBXFileReference; lastKnownFileType = folder.assetcatalog; path = Assets.xcassets; sourceTree = "<group>"; };
		6393EF7F2063A675002FA033 /* Base */ = {isa = PBXFileReference; lastKnownFileType = file.storyboard; name = Base; path = Base.lproj/LaunchScreen.storyboard; sourceTree = "<group>"; };
		6393EF812063A675002FA033 /* Info.plist */ = {isa = PBXFileReference; lastKnownFileType = text.plist.xml; path = Info.plist; sourceTree = "<group>"; };
		6393EF872063A682002FA033 /* Commons.swift */ = {isa = PBXFileReference; fileEncoding = 4; lastKnownFileType = sourcecode.swift; path = Commons.swift; sourceTree = "<group>"; };
		6393EF882063A683002FA033 /* RequestProtocol.swift */ = {isa = PBXFileReference; fileEncoding = 4; lastKnownFileType = sourcecode.swift; path = RequestProtocol.swift; sourceTree = "<group>"; };
/* End PBXFileReference section */

/* Begin PBXFrameworksBuildPhase section */
		6393EF6F2063A675002FA033 /* Frameworks */ = {
			isa = PBXFrameworksBuildPhase;
			buildActionMask = 2147483647;
			files = (
			);
			runOnlyForDeploymentPostprocessing = 0;
		};
/* End PBXFrameworksBuildPhase section */

/* Begin PBXGroup section */
		6393EF692063A675002FA033 = {
			isa = PBXGroup;
			children = (
				6393EF742063A675002FA033 /* NetworkingLayers(Rx, NSUrl) */,
				6393EF732063A675002FA033 /* Products */,
			);
			sourceTree = "<group>";
		};
		6393EF732063A675002FA033 /* Products */ = {
			isa = PBXGroup;
			children = (
				6393EF722063A675002FA033 /* NetworkingLayers(Rx, NSUrl).app */,
			);
			name = Products;
			sourceTree = "<group>";
		};
		6393EF742063A675002FA033 /* NetworkingLayers(Rx, NSUrl) */ = {
			isa = PBXGroup;
			children = (
				6393EF752063A675002FA033 /* AppDelegate.swift */,
				6393EF772063A675002FA033 /* ViewController.swift */,
				6393EF872063A682002FA033 /* Commons.swift */,
				6393EF882063A683002FA033 /* RequestProtocol.swift */,
				6393EF792063A675002FA033 /* Main.storyboard */,
				6393EF7C2063A675002FA033 /* Assets.xcassets */,
				6393EF7E2063A675002FA033 /* LaunchScreen.storyboard */,
				6393EF812063A675002FA033 /* Info.plist */,
			);
			path = "NetworkingLayers(Rx, NSUrl)";
			sourceTree = "<group>";
		};
/* End PBXGroup section */

/* Begin PBXNativeTarget section */
		6393EF712063A675002FA033 /* NetworkingLayers(Rx, NSUrl) */ = {
			isa = PBXNativeTarget;
			buildConfigurationList = 6393EF842063A675002FA033 /* Build configuration list for PBXNativeTarget "NetworkingLayers(Rx, NSUrl)" */;
			buildPhases = (
				6393EF6E2063A675002FA033 /* Sources */,
				6393EF6F2063A675002FA033 /* Frameworks */,
				6393EF702063A675002FA033 /* Resources */,
			);
			buildRules = (
			);
			dependencies = (
			);
			name = "NetworkingLayers(Rx, NSUrl)";
			productName = "NetworkingLayers(Rx, NSUrl)";
			productReference = 6393EF722063A675002FA033 /* NetworkingLayers(Rx, NSUrl).app */;
			productType = "com.apple.product-type.application";
		};
/* End PBXNativeTarget section */

/* Begin PBXProject section */
		6393EF6A2063A675002FA033 /* Project object */ = {
			isa = PBXProject;
			attributes = {
				LastSwiftUpdateCheck = 0920;
				LastUpgradeCheck = 0920;
				ORGANIZATIONNAME = David;
				TargetAttributes = {
					6393EF712063A675002FA033 = {
						CreatedOnToolsVersion = 9.2;
						ProvisioningStyle = Automatic;
					};
				};
			};
			buildConfigurationList = 6393EF6D2063A675002FA033 /* Build configuration list for PBXProject "NetworkingLayers(Rx, NSUrl)" */;
			compatibilityVersion = "Xcode 8.0";
			developmentRegion = en;
			hasScannedForEncodings = 0;
			knownRegions = (
				en,
				Base,
			);
			mainGroup = 6393EF692063A675002FA033;
			productRefGroup = 6393EF732063A675002FA033 /* Products */;
			projectDirPath = "";
			projectRoot = "";
			targets = (
				6393EF712063A675002FA033 /* NetworkingLayers(Rx, NSUrl) */,
			);
		};
/* End PBXProject section */

/* Begin PBXResourcesBuildPhase section */
		6393EF702063A675002FA033 /* Resources */ = {
			isa = PBXResourcesBuildPhase;
			buildActionMask = 2147483647;
			files = (
				6393EF802063A675002FA033 /* LaunchScreen.storyboard in Resources */,
				6393EF7D2063A675002FA033 /* Assets.xcassets in Resources */,
				6393EF7B2063A675002FA033 /* Main.storyboard in Resources */,
			);
			runOnlyForDeploymentPostprocessing = 0;
		};
/* End PBXResourcesBuildPhase section */

/* Begin PBXSourcesBuildPhase section */
		6393EF6E2063A675002FA033 /* Sources */ = {
			isa = PBXSourcesBuildPhase;
			buildActionMask = 2147483647;
			files = (
				6393EF782063A675002FA033 /* ViewController.swift in Sources */,
				6393EF892063A683002FA033 /* Commons.swift in Sources */,
				6393EF762063A675002FA033 /* AppDelegate.swift in Sources */,
				6393EF8A2063A683002FA033 /* RequestProtocol.swift in Sources */,
			);
			runOnlyForDeploymentPostprocessing = 0;
		};
/* End PBXSourcesBuildPhase section */

/* Begin PBXVariantGroup section */
		6393EF792063A675002FA033 /* Main.storyboard */ = {
			isa = PBXVariantGroup;
			children = (
				6393EF7A2063A675002FA033 /* Base */,
			);
			name = Main.storyboard;
			sourceTree = "<group>";
		};
		6393EF7E2063A675002FA033 /* LaunchScreen.storyboard */ = {
			isa = PBXVariantGroup;
			children = (
				6393EF7F2063A675002FA033 /* Base */,
			);
			name = LaunchScreen.storyboard;
			sourceTree = "<group>";
		};
/* End PBXVariantGroup section */

/* Begin XCBuildConfiguration section */
		6393EF822063A675002FA033 /* Debug */ = {
			isa = XCBuildConfiguration;
			buildSettings = {
				ALWAYS_SEARCH_USER_PATHS = NO;
				CLANG_ANALYZER_NONNULL = YES;
				CLANG_ANALYZER_NUMBER_OBJECT_CONVERSION = YES_AGGRESSIVE;
				CLANG_CXX_LANGUAGE_STANDARD = "gnu++14";
				CLANG_CXX_LIBRARY = "libc++";
				CLANG_ENABLE_MODULES = YES;
				CLANG_ENABLE_OBJC_ARC = YES;
				CLANG_WARN_BLOCK_CAPTURE_AUTORELEASING = YES;
				CLANG_WARN_BOOL_CONVERSION = YES;
				CLANG_WARN_COMMA = YES;
				CLANG_WARN_CONSTANT_CONVERSION = YES;
				CLANG_WARN_DIRECT_OBJC_ISA_USAGE = YES_ERROR;
				CLANG_WARN_DOCUMENTATION_COMMENTS = YES;
				CLANG_WARN_EMPTY_BODY = YES;
				CLANG_WARN_ENUM_CONVERSION = YES;
				CLANG_WARN_INFINITE_RECURSION = YES;
				CLANG_WARN_INT_CONVERSION = YES;
				CLANG_WARN_NON_LITERAL_NULL_CONVERSION = YES;
				CLANG_WARN_OBJC_LITERAL_CONVERSION = YES;
				CLANG_WARN_OBJC_ROOT_CLASS = YES_ERROR;
				CLANG_WARN_RANGE_LOOP_ANALYSIS = YES;
				CLANG_WARN_STRICT_PROTOTYPES = YES;
				CLANG_WARN_SUSPICIOUS_MOVE = YES;
				CLANG_WARN_UNGUARDED_AVAILABILITY = YES_AGGRESSIVE;
				CLANG_WARN_UNREACHABLE_CODE = YES;
				CLANG_WARN__DUPLICATE_METHOD_MATCH = YES;
				CODE_SIGN_IDENTITY = "iPhone Developer";
				COPY_PHASE_STRIP = NO;
				DEBUG_INFORMATION_FORMAT = dwarf;
				ENABLE_STRICT_OBJC_MSGSEND = YES;
				ENABLE_TESTABILITY = YES;
				GCC_C_LANGUAGE_STANDARD = gnu11;
				GCC_DYNAMIC_NO_PIC = NO;
				GCC_NO_COMMON_BLOCKS = YES;
				GCC_OPTIMIZATION_LEVEL = 0;
				GCC_PREPROCESSOR_DEFINITIONS = (
					"DEBUG=1",
					"$(inherited)",
				);
				GCC_WARN_64_TO_32_BIT_CONVERSION = YES;
				GCC_WARN_ABOUT_RETURN_TYPE = YES_ERROR;
				GCC_WARN_UNDECLARED_SELECTOR = YES;
				GCC_WARN_UNINITIALIZED_AUTOS = YES_AGGRESSIVE;
				GCC_WARN_UNUSED_FUNCTION = YES;
				GCC_WARN_UNUSED_VARIABLE = YES;
				IPHONEOS_DEPLOYMENT_TARGET = 11.2;
				MTL_ENABLE_DEBUG_INFO = YES;
				ONLY_ACTIVE_ARCH = YES;
				SDKROOT = iphoneos;
				SWIFT_ACTIVE_COMPILATION_CONDITIONS = DEBUG;
				SWIFT_OPTIMIZATION_LEVEL = "-Onone";
			};
			name = Debug;
		};
		6393EF832063A675002FA033 /* Release */ = {
			isa = XCBuildConfiguration;
			buildSettings = {
				ALWAYS_SEARCH_USER_PATHS = NO;
				CLANG_ANALYZER_NONNULL = YES;
				CLANG_ANALYZER_NUMBER_OBJECT_CONVERSION = YES_AGGRESSIVE;
				CLANG_CXX_LANGUAGE_STANDARD = "gnu++14";
				CLANG_CXX_LIBRARY = "libc++";
				CLANG_ENABLE_MODULES = YES;
				CLANG_ENABLE_OBJC_ARC = YES;
				CLANG_WARN_BLOCK_CAPTURE_AUTORELEASING = YES;
				CLANG_WARN_BOOL_CONVERSION = YES;
				CLANG_WARN_COMMA = YES;
				CLANG_WARN_CONSTANT_CONVERSION = YES;
				CLANG_WARN_DIRECT_OBJC_ISA_USAGE = YES_ERROR;
				CLANG_WARN_DOCUMENTATION_COMMENTS = YES;
				CLANG_WARN_EMPTY_BODY = YES;
				CLANG_WARN_ENUM_CONVERSION = YES;
				CLANG_WARN_INFINITE_RECURSION = YES;
				CLANG_WARN_INT_CONVERSION = YES;
				CLANG_WARN_NON_LITERAL_NULL_CONVERSION = YES;
				CLANG_WARN_OBJC_LITERAL_CONVERSION = YES;
				CLANG_WARN_OBJC_ROOT_CLASS = YES_ERROR;
				CLANG_WARN_RANGE_LOOP_ANALYSIS = YES;
				CLANG_WARN_STRICT_PROTOTYPES = YES;
				CLANG_WARN_SUSPICIOUS_MOVE = YES;
				CLANG_WARN_UNGUARDED_AVAILABILITY = YES_AGGRESSIVE;
				CLANG_WARN_UNREACHABLE_CODE = YES;
				CLANG_WARN__DUPLICATE_METHOD_MATCH = YES;
				CODE_SIGN_IDENTITY = "iPhone Developer";
				COPY_PHASE_STRIP = NO;
				DEBUG_INFORMATION_FORMAT = "dwarf-with-dsym";
				ENABLE_NS_ASSERTIONS = NO;
				ENABLE_STRICT_OBJC_MSGSEND = YES;
				GCC_C_LANGUAGE_STANDARD = gnu11;
				GCC_NO_COMMON_BLOCKS = YES;
				GCC_WARN_64_TO_32_BIT_CONVERSION = YES;
				GCC_WARN_ABOUT_RETURN_TYPE = YES_ERROR;
				GCC_WARN_UNDECLARED_SELECTOR = YES;
				GCC_WARN_UNINITIALIZED_AUTOS = YES_AGGRESSIVE;
				GCC_WARN_UNUSED_FUNCTION = YES;
				GCC_WARN_UNUSED_VARIABLE = YES;
				IPHONEOS_DEPLOYMENT_TARGET = 11.2;
				MTL_ENABLE_DEBUG_INFO = NO;
				SDKROOT = iphoneos;
				SWIFT_OPTIMIZATION_LEVEL = "-Owholemodule";
				VALIDATE_PRODUCT = YES;
			};
			name = Release;
		};
		6393EF852063A675002FA033 /* Debug */ = {
			isa = XCBuildConfiguration;
			buildSettings = {
				ASSETCATALOG_COMPILER_APPICON_NAME = AppIcon;
				CODE_SIGN_STYLE = Automatic;
				DEVELOPMENT_TEAM = 467CCL7KXH;
				INFOPLIST_FILE = "NetworkingLayers(Rx, NSUrl)/Info.plist";
				LD_RUNPATH_SEARCH_PATHS = "$(inherited) @executable_path/Frameworks";
				PRODUCT_BUNDLE_IDENTIFIER = "com.applinco.NetworkingLayers-Rx--NSUrl-";
				PRODUCT_NAME = "$(TARGET_NAME)";
				SWIFT_VERSION = 4.0;
				TARGETED_DEVICE_FAMILY = "1,2";
			};
			name = Debug;
		};
		6393EF862063A675002FA033 /* Release */ = {
			isa = XCBuildConfiguration;
			buildSettings = {
				ASSETCATALOG_COMPILER_APPICON_NAME = AppIcon;
				CODE_SIGN_STYLE = Automatic;
				DEVELOPMENT_TEAM = 467CCL7KXH;
				INFOPLIST_FILE = "NetworkingLayers(Rx, NSUrl)/Info.plist";
				LD_RUNPATH_SEARCH_PATHS = "$(inherited) @executable_path/Frameworks";
				PRODUCT_BUNDLE_IDENTIFIER = "com.applinco.NetworkingLayers-Rx--NSUrl-";
				PRODUCT_NAME = "$(TARGET_NAME)";
				SWIFT_VERSION = 4.0;
				TARGETED_DEVICE_FAMILY = "1,2";
			};
			name = Release;
		};
/* End XCBuildConfiguration section */

/* Begin XCConfigurationList section */
		6393EF6D2063A675002FA033 /* Build configuration list for PBXProject "NetworkingLayers(Rx, NSUrl)" */ = {
			isa = XCConfigurationList;
			buildConfigurations = (
				6393EF822063A675002FA033 /* Debug */,
				6393EF832063A675002FA033 /* Release */,
			);
			defaultConfigurationIsVisible = 0;
			defaultConfigurationName = Release;
		};
		6393EF842063A675002FA033 /* Build configuration list for PBXNativeTarget "NetworkingLayers(Rx, NSUrl)" */ = {
			isa = XCConfigurationList;
			buildConfigurations = (
				6393EF852063A675002FA033 /* Debug */,
				6393EF862063A675002FA033 /* Release */,
			);
			defaultConfigurationIsVisible = 0;
			defaultConfigurationName = Release;
		};
/* End XCConfigurationList section */
	};
	rootObject = 6393EF6A2063A675002FA033 /* Project object */;
}
